
Microsoft Visual Studio Solution File, Format Version 12.00
# Visual Studio Version 17
VisualStudioVersion = 17.0.31903.59
MinimumVisualStudioVersion = 10.0.40219.1
Project("{2150E333-8FDC-42A3-9474-1A3956D46DE8}") = "src", "src", "{827E0CD3-B72D-47B6-A68D-7590B98EB39B}"
EndProject
Project("{FAE04EC0-301F-11D3-BF4B-00C04F79EFBC}") = "Vam.Engine", "src\Vam.Engine\Vam.Engine.csproj", "{EE4385CB-A006-43FF-9E8F-6D828B5701E7}"
EndProject
Project("{FAE04EC0-301F-11D3-BF4B-00C04F79EFBC}") = "Vam.Protocol", "src\Vam.Protocol\Vam.Protocol.csproj", "{0AA42DF4-648A-4231-8423-FF8704A63547}"
EndProject
Project("{FAE04EC0-301F-11D3-BF4B-00C04F79EFBC}") = "Vam.Ui", "src\Vam.Ui\Vam.Ui.csproj", "{BFFB0886-6AE4-4E43-908D-3C6C14C9B074}"
EndProject
Project("{FAE04EC0-301F-11D3-BF4B-00C04F79EFBC}") = "Vam.Client", "src\Vam.Client\Vam.Client.csproj", "{BD2DAF28-CA3C-43BA-91BD-A4B5E89E4DB7}"
EndProject
Project("{2150E333-8FDC-42A3-9474-1A3956D46DE8}") = "tests", "tests", "{0AB3BF05-4346-4AA6-1389-037BE0695223}"
EndProject
Project("{FAE04EC0-301F-11D3-BF4B-00C04F79EFBC}") = "Vam.TestKit", "tests\Vam.TestKit\Vam.TestKit.csproj", "{42E55C61-5400-4491-AAE7-7ECCBF1B74AA}"
EndProject
Project("{FAE04EC0-301F-11D3-BF4B-00C04F79EFBC}") = "Vam.Engine.Tests", "tests\Vam.Engine.Tests\Vam.Engine.Tests.csproj", "{6B8421FD-433E-436D-B19F-CDDA952CC284}"
EndProject
Project("{FAE04EC0-301F-11D3-BF4B-00C04F79EFBC}") = "Vam.Core", "src\Vam.Core\Vam.Core.csproj", "{2DFF5892-8898-4E0A-9C36-BAA04ECE983D}"
EndProject
Project("{FAE04EC0-301F-11D3-BF4B-00C04F79EFBC}") = "Vam.Engine.Windows", "src\Vam.Engine.Windows\Vam.Engine.Windows.csproj", "{2DD829AF-8EF8-4963-B2A7-1F205DFCA7CE}"
EndProject
Project("{FAE04EC0-301F-11D3-BF4B-00C04F79EFBC}") = "Vam.Engine.Windows.Tests", "tests\Vam.Engine.Windows.Tests\Vam.Engine.Windows.Tests.csproj", "{885F5C91-984D-4E7C-BE91-CBB23C50357B}"
EndProject
Project("{FAE04EC0-301F-11D3-BF4B-00C04F79EFBC}") = "Vam.Modifiers.Abstractions", "src\Vam.Modifiers.Abstractions\Vam.Modifiers.Abstractions.csproj", "{F1EF1B58-28BE-449F-A53F-AAC69B7ACB56}"
EndProject
Project("{FAE04EC0-301F-11D3-BF4B-00C04F79EFBC}") = "Vam.Server", "src\Vam.Server\Vam.Server.csproj", "{DD3B5042-70E6-45A1-9275-431B69F6686D}"
EndProject
Project("{FAE04EC0-301F-11D3-BF4B-00C04F79EFBC}") = "Vam.Server.Tests", "tests\Vam.Server.Tests\Vam.Server.Tests.csproj", "{010B7C9E-F999-4B08-86BF-4E799A3ABC8C}"
EndProject
Project("{FAE04EC0-301F-11D3-BF4B-00C04F79EFBC}") = "Vam.WebClient", "src\Vam.WebClient\Vam.WebClient.csproj", "{5BBF9A61-2F14-4039-8144-A82D410D7947}"
EndProject
Global
	GlobalSection(SolutionConfigurationPlatforms) = preSolution
		Debug|Any CPU = Debug|Any CPU
		Debug|x64 = Debug|x64
		Debug|x86 = Debug|x86
		Release|Any CPU = Release|Any CPU
		Release|x64 = Release|x64
		Release|x86 = Release|x86
	EndGlobalSection
	GlobalSection(ProjectConfigurationPlatforms) = postSolution
		{EE4385CB-A006-43FF-9E8F-6D828B5701E7}.Debug|Any CPU.ActiveCfg = Debug|Any CPU
		{EE4385CB-A006-43FF-9E8F-6D828B5701E7}.Debug|Any CPU.Build.0 = Debug|Any CPU
		{EE4385CB-A006-43FF-9E8F-6D828B5701E7}.Debug|x64.ActiveCfg = Debug|Any CPU
		{EE4385CB-A006-43FF-9E8F-6D828B5701E7}.Debug|x64.Build.0 = Debug|Any CPU
		{EE4385CB-A006-43FF-9E8F-6D828B5701E7}.Debug|x86.ActiveCfg = Debug|Any CPU
		{EE4385CB-A006-43FF-9E8F-6D828B5701E7}.Debug|x86.Build.0 = Debug|Any CPU
		{EE4385CB-A006-43FF-9E8F-6D828B5701E7}.Release|Any CPU.ActiveCfg = Release|Any CPU
		{EE4385CB-A006-43FF-9E8F-6D828B5701E7}.Release|Any CPU.Build.0 = Release|Any CPU
		{EE4385CB-A006-43FF-9E8F-6D828B5701E7}.Release|x64.ActiveCfg = Release|Any CPU
		{EE4385CB-A006-43FF-9E8F-6D828B5701E7}.Release|x64.Build.0 = Release|Any CPU
		{EE4385CB-A006-43FF-9E8F-6D828B5701E7}.Release|x86.ActiveCfg = Release|Any CPU
		{EE4385CB-A006-43FF-9E8F-6D828B5701E7}.Release|x86.Build.0 = Release|Any CPU
		{0AA42DF4-648A-4231-8423-FF8704A63547}.Debug|Any CPU.ActiveCfg = Debug|Any CPU
		{0AA42DF4-648A-4231-8423-FF8704A63547}.Debug|Any CPU.Build.0 = Debug|Any CPU
		{0AA42DF4-648A-4231-8423-FF8704A63547}.Debug|x64.ActiveCfg = Debug|Any CPU
		{0AA42DF4-648A-4231-8423-FF8704A63547}.Debug|x64.Build.0 = Debug|Any CPU
		{0AA42DF4-648A-4231-8423-FF8704A63547}.Debug|x86.ActiveCfg = Debug|Any CPU
		{0AA42DF4-648A-4231-8423-FF8704A63547}.Debug|x86.Build.0 = Debug|Any CPU
		{0AA42DF4-648A-4231-8423-FF8704A63547}.Release|Any CPU.ActiveCfg = Release|Any CPU
		{0AA42DF4-648A-4231-8423-FF8704A63547}.Release|Any CPU.Build.0 = Release|Any CPU
		{0AA42DF4-648A-4231-8423-FF8704A63547}.Release|x64.ActiveCfg = Release|Any CPU
		{0AA42DF4-648A-4231-8423-FF8704A63547}.Release|x64.Build.0 = Release|Any CPU
		{0AA42DF4-648A-4231-8423-FF8704A63547}.Release|x86.ActiveCfg = Release|Any CPU
		{0AA42DF4-648A-4231-8423-FF8704A63547}.Release|x86.Build.0 = Release|Any CPU
		{BFFB0886-6AE4-4E43-908D-3C6C14C9B074}.Debug|Any CPU.ActiveCfg = Debug|Any CPU
		{BFFB0886-6AE4-4E43-908D-3C6C14C9B074}.Debug|Any CPU.Build.0 = Debug|Any CPU
		{BFFB0886-6AE4-4E43-908D-3C6C14C9B074}.Debug|x64.ActiveCfg = Debug|Any CPU
		{BFFB0886-6AE4-4E43-908D-3C6C14C9B074}.Debug|x64.Build.0 = Debug|Any CPU
		{BFFB0886-6AE4-4E43-908D-3C6C14C9B074}.Debug|x86.ActiveCfg = Debug|Any CPU
		{BFFB0886-6AE4-4E43-908D-3C6C14C9B074}.Debug|x86.Build.0 = Debug|Any CPU
		{BFFB0886-6AE4-4E43-908D-3C6C14C9B074}.Release|Any CPU.ActiveCfg = Release|Any CPU
		{BFFB0886-6AE4-4E43-908D-3C6C14C9B074}.Release|Any CPU.Build.0 = Release|Any CPU
		{BFFB0886-6AE4-4E43-908D-3C6C14C9B074}.Release|x64.ActiveCfg = Release|Any CPU
		{BFFB0886-6AE4-4E43-908D-3C6C14C9B074}.Release|x64.Build.0 = Release|Any CPU
		{BFFB0886-6AE4-4E43-908D-3C6C14C9B074}.Release|x86.ActiveCfg = Release|Any CPU
		{BFFB0886-6AE4-4E43-908D-3C6C14C9B074}.Release|x86.Build.0 = Release|Any CPU
		{BD2DAF28-CA3C-43BA-91BD-A4B5E89E4DB7}.Debug|Any CPU.ActiveCfg = Debug|Any CPU
		{BD2DAF28-CA3C-43BA-91BD-A4B5E89E4DB7}.Debug|Any CPU.Build.0 = Debug|Any CPU
		{BD2DAF28-CA3C-43BA-91BD-A4B5E89E4DB7}.Debug|x64.ActiveCfg = Debug|Any CPU
		{BD2DAF28-CA3C-43BA-91BD-A4B5E89E4DB7}.Debug|x64.Build.0 = Debug|Any CPU
		{BD2DAF28-CA3C-43BA-91BD-A4B5E89E4DB7}.Debug|x86.ActiveCfg = Debug|Any CPU
		{BD2DAF28-CA3C-43BA-91BD-A4B5E89E4DB7}.Debug|x86.Build.0 = Debug|Any CPU
		{BD2DAF28-CA3C-43BA-91BD-A4B5E89E4DB7}.Release|Any CPU.ActiveCfg = Release|Any CPU
		{BD2DAF28-CA3C-43BA-91BD-A4B5E89E4DB7}.Release|Any CPU.Build.0 = Release|Any CPU
		{BD2DAF28-CA3C-43BA-91BD-A4B5E89E4DB7}.Release|x64.ActiveCfg = Release|Any CPU
		{BD2DAF28-CA3C-43BA-91BD-A4B5E89E4DB7}.Release|x64.Build.0 = Release|Any CPU
		{BD2DAF28-CA3C-43BA-91BD-A4B5E89E4DB7}.Release|x86.ActiveCfg = Release|Any CPU
		{BD2DAF28-CA3C-43BA-91BD-A4B5E89E4DB7}.Release|x86.Build.0 = Release|Any CPU
		{42E55C61-5400-4491-AAE7-7ECCBF1B74AA}.Debug|Any CPU.ActiveCfg = Debug|Any CPU
		{42E55C61-5400-4491-AAE7-7ECCBF1B74AA}.Debug|Any CPU.Build.0 = Debug|Any CPU
		{42E55C61-5400-4491-AAE7-7ECCBF1B74AA}.Debug|x64.ActiveCfg = Debug|Any CPU
		{42E55C61-5400-4491-AAE7-7ECCBF1B74AA}.Debug|x64.Build.0 = Debug|Any CPU
		{42E55C61-5400-4491-AAE7-7ECCBF1B74AA}.Debug|x86.ActiveCfg = Debug|Any CPU
		{42E55C61-5400-4491-AAE7-7ECCBF1B74AA}.Debug|x86.Build.0 = Debug|Any CPU
		{42E55C61-5400-4491-AAE7-7ECCBF1B74AA}.Release|Any CPU.ActiveCfg = Release|Any CPU
		{42E55C61-5400-4491-AAE7-7ECCBF1B74AA}.Release|Any CPU.Build.0 = Release|Any CPU
		{42E55C61-5400-4491-AAE7-7ECCBF1B74AA}.Release|x64.ActiveCfg = Release|Any CPU
		{42E55C61-5400-4491-AAE7-7ECCBF1B74AA}.Release|x64.Build.0 = Release|Any CPU
		{42E55C61-5400-4491-AAE7-7ECCBF1B74AA}.Release|x86.ActiveCfg = Release|Any CPU
		{42E55C61-5400-4491-AAE7-7ECCBF1B74AA}.Release|x86.Build.0 = Release|Any CPU
		{6B8421FD-433E-436D-B19F-CDDA952CC284}.Debug|Any CPU.ActiveCfg = Debug|Any CPU
		{6B8421FD-433E-436D-B19F-CDDA952CC284}.Debug|Any CPU.Build.0 = Debug|Any CPU
		{6B8421FD-433E-436D-B19F-CDDA952CC284}.Debug|x64.ActiveCfg = Debug|Any CPU
		{6B8421FD-433E-436D-B19F-CDDA952CC284}.Debug|x64.Build.0 = Debug|Any CPU
		{6B8421FD-433E-436D-B19F-CDDA952CC284}.Debug|x86.ActiveCfg = Debug|Any CPU
		{6B8421FD-433E-436D-B19F-CDDA952CC284}.Debug|x86.Build.0 = Debug|Any CPU
		{6B8421FD-433E-436D-B19F-CDDA952CC284}.Release|Any CPU.ActiveCfg = Release|Any CPU
		{6B8421FD-433E-436D-B19F-CDDA952CC284}.Release|Any CPU.Build.0 = Release|Any CPU
		{6B8421FD-433E-436D-B19F-CDDA952CC284}.Release|x64.ActiveCfg = Release|Any CPU
		{6B8421FD-433E-436D-B19F-CDDA952CC284}.Release|x64.Build.0 = Release|Any CPU
		{6B8421FD-433E-436D-B19F-CDDA952CC284}.Release|x86.ActiveCfg = Release|Any CPU
		{6B8421FD-433E-436D-B19F-CDDA952CC284}.Release|x86.Build.0 = Release|Any CPU
		{2DFF5892-8898-4E0A-9C36-BAA04ECE983D}.Debug|Any CPU.ActiveCfg = Debug|Any CPU
		{2DFF5892-8898-4E0A-9C36-BAA04ECE983D}.Debug|Any CPU.Build.0 = Debug|Any CPU
		{2DFF5892-8898-4E0A-9C36-BAA04ECE983D}.Debug|x64.ActiveCfg = Debug|Any CPU
		{2DFF5892-8898-4E0A-9C36-BAA04ECE983D}.Debug|x64.Build.0 = Debug|Any CPU
		{2DFF5892-8898-4E0A-9C36-BAA04ECE983D}.Debug|x86.ActiveCfg = Debug|Any CPU
		{2DFF5892-8898-4E0A-9C36-BAA04ECE983D}.Debug|x86.Build.0 = Debug|Any CPU
		{2DFF5892-8898-4E0A-9C36-BAA04ECE983D}.Release|Any CPU.ActiveCfg = Release|Any CPU
		{2DFF5892-8898-4E0A-9C36-BAA04ECE983D}.Release|Any CPU.Build.0 = Release|Any CPU
		{2DFF5892-8898-4E0A-9C36-BAA04ECE983D}.Release|x64.ActiveCfg = Release|Any CPU
		{2DFF5892-8898-4E0A-9C36-BAA04ECE983D}.Release|x64.Build.0 = Release|Any CPU
		{2DFF5892-8898-4E0A-9C36-BAA04ECE983D}.Release|x86.ActiveCfg = Release|Any CPU
		{2DFF5892-8898-4E0A-9C36-BAA04ECE983D}.Release|x86.Build.0 = Release|Any CPU
		{2DD829AF-8EF8-4963-B2A7-1F205DFCA7CE}.Debug|Any CPU.ActiveCfg = Debug|Any CPU
		{2DD829AF-8EF8-4963-B2A7-1F205DFCA7CE}.Debug|Any CPU.Build.0 = Debug|Any CPU
		{2DD829AF-8EF8-4963-B2A7-1F205DFCA7CE}.Debug|x64.ActiveCfg = Debug|Any CPU
		{2DD829AF-8EF8-4963-B2A7-1F205DFCA7CE}.Debug|x64.Build.0 = Debug|Any CPU
		{2DD829AF-8EF8-4963-B2A7-1F205DFCA7CE}.Debug|x86.ActiveCfg = Debug|Any CPU
		{2DD829AF-8EF8-4963-B2A7-1F205DFCA7CE}.Debug|x86.Build.0 = Debug|Any CPU
		{2DD829AF-8EF8-4963-B2A7-1F205DFCA7CE}.Release|Any CPU.ActiveCfg = Release|Any CPU
		{2DD829AF-8EF8-4963-B2A7-1F205DFCA7CE}.Release|Any CPU.Build.0 = Release|Any CPU
		{2DD829AF-8EF8-4963-B2A7-1F205DFCA7CE}.Release|x64.ActiveCfg = Release|Any CPU
		{2DD829AF-8EF8-4963-B2A7-1F205DFCA7CE}.Release|x64.Build.0 = Release|Any CPU
		{2DD829AF-8EF8-4963-B2A7-1F205DFCA7CE}.Release|x86.ActiveCfg = Release|Any CPU
		{2DD829AF-8EF8-4963-B2A7-1F205DFCA7CE}.Release|x86.Build.0 = Release|Any CPU
		{885F5C91-984D-4E7C-BE91-CBB23C50357B}.Debug|Any CPU.ActiveCfg = Debug|Any CPU
		{885F5C91-984D-4E7C-BE91-CBB23C50357B}.Debug|Any CPU.Build.0 = Debug|Any CPU
		{885F5C91-984D-4E7C-BE91-CBB23C50357B}.Debug|x64.ActiveCfg = Debug|Any CPU
		{885F5C91-984D-4E7C-BE91-CBB23C50357B}.Debug|x64.Build.0 = Debug|Any CPU
		{885F5C91-984D-4E7C-BE91-CBB23C50357B}.Debug|x86.ActiveCfg = Debug|Any CPU
		{885F5C91-984D-4E7C-BE91-CBB23C50357B}.Debug|x86.Build.0 = Debug|Any CPU
		{885F5C91-984D-4E7C-BE91-CBB23C50357B}.Release|Any CPU.ActiveCfg = Release|Any CPU
		{885F5C91-984D-4E7C-BE91-CBB23C50357B}.Release|Any CPU.Build.0 = Release|Any CPU
		{885F5C91-984D-4E7C-BE91-CBB23C50357B}.Release|x64.ActiveCfg = Release|Any CPU
		{885F5C91-984D-4E7C-BE91-CBB23C50357B}.Release|x64.Build.0 = Release|Any CPU
		{885F5C91-984D-4E7C-BE91-CBB23C50357B}.Release|x86.ActiveCfg = Release|Any CPU
		{885F5C91-984D-4E7C-BE91-CBB23C50357B}.Release|x86.Build.0 = Release|Any CPU
		{F1EF1B58-28BE-449F-A53F-AAC69B7ACB56}.Debug|Any CPU.ActiveCfg = Debug|Any CPU
		{F1EF1B58-28BE-449F-A53F-AAC69B7ACB56}.Debug|Any CPU.Build.0 = Debug|Any CPU
		{F1EF1B58-28BE-449F-A53F-AAC69B7ACB56}.Debug|x64.ActiveCfg = Debug|Any CPU
		{F1EF1B58-28BE-449F-A53F-AAC69B7ACB56}.Debug|x64.Build.0 = Debug|Any CPU
		{F1EF1B58-28BE-449F-A53F-AAC69B7ACB56}.Debug|x86.ActiveCfg = Debug|Any CPU
		{F1EF1B58-28BE-449F-A53F-AAC69B7ACB56}.Debug|x86.Build.0 = Debug|Any CPU
		{F1EF1B58-28BE-449F-A53F-AAC69B7ACB56}.Release|Any CPU.ActiveCfg = Release|Any CPU
		{F1EF1B58-28BE-449F-A53F-AAC69B7ACB56}.Release|Any CPU.Build.0 = Release|Any CPU
		{F1EF1B58-28BE-449F-A53F-AAC69B7ACB56}.Release|x64.ActiveCfg = Release|Any CPU
		{F1EF1B58-28BE-449F-A53F-AAC69B7ACB56}.Release|x64.Build.0 = Release|Any CPU
		{F1EF1B58-28BE-449F-A53F-AAC69B7ACB56}.Release|x86.ActiveCfg = Release|Any CPU
		{F1EF1B58-28BE-449F-A53F-AAC69B7ACB56}.Release|x86.Build.0 = Release|Any CPU
		{DD3B5042-70E6-45A1-9275-431B69F6686D}.Debug|Any CPU.ActiveCfg = Debug|Any CPU
		{DD3B5042-70E6-45A1-9275-431B69F6686D}.Debug|Any CPU.Build.0 = Debug|Any CPU
		{DD3B5042-70E6-45A1-9275-431B69F6686D}.Debug|x64.ActiveCfg = Debug|Any CPU
		{DD3B5042-70E6-45A1-9275-431B69F6686D}.Debug|x64.Build.0 = Debug|Any CPU
		{DD3B5042-70E6-45A1-9275-431B69F6686D}.Debug|x86.ActiveCfg = Debug|Any CPU
		{DD3B5042-70E6-45A1-9275-431B69F6686D}.Debug|x86.Build.0 = Debug|Any CPU
		{DD3B5042-70E6-45A1-9275-431B69F6686D}.Release|Any CPU.ActiveCfg = Release|Any CPU
		{DD3B5042-70E6-45A1-9275-431B69F6686D}.Release|Any CPU.Build.0 = Release|Any CPU
		{DD3B5042-70E6-45A1-9275-431B69F6686D}.Release|x64.ActiveCfg = Release|Any CPU
		{DD3B5042-70E6-45A1-9275-431B69F6686D}.Release|x64.Build.0 = Release|Any CPU
		{DD3B5042-70E6-45A1-9275-431B69F6686D}.Release|x86.ActiveCfg = Release|Any CPU
		{DD3B5042-70E6-45A1-9275-431B69F6686D}.Release|x86.Build.0 = Release|Any CPU
		{010B7C9E-F999-4B08-86BF-4E799A3ABC8C}.Debug|Any CPU.ActiveCfg = Debug|Any CPU
		{010B7C9E-F999-4B08-86BF-4E799A3ABC8C}.Debug|Any CPU.Build.0 = Debug|Any CPU
		{010B7C9E-F999-4B08-86BF-4E799A3ABC8C}.Debug|x64.ActiveCfg = Debug|Any CPU
		{010B7C9E-F999-4B08-86BF-4E799A3ABC8C}.Debug|x64.Build.0 = Debug|Any CPU
		{010B7C9E-F999-4B08-86BF-4E799A3ABC8C}.Debug|x86.ActiveCfg = Debug|Any CPU
		{010B7C9E-F999-4B08-86BF-4E799A3ABC8C}.Debug|x86.Build.0 = Debug|Any CPU
		{010B7C9E-F999-4B08-86BF-4E799A3ABC8C}.Release|Any CPU.ActiveCfg = Release|Any CPU
		{010B7C9E-F999-4B08-86BF-4E799A3ABC8C}.Release|Any CPU.Build.0 = Release|Any CPU
		{010B7C9E-F999-4B08-86BF-4E799A3ABC8C}.Release|x64.ActiveCfg = Release|Any CPU
		{010B7C9E-F999-4B08-86BF-4E799A3ABC8C}.Release|x64.Build.0 = Release|Any CPU
		{010B7C9E-F999-4B08-86BF-4E799A3ABC8C}.Release|x86.ActiveCfg = Release|Any CPU
		{010B7C9E-F999-4B08-86BF-4E799A3ABC8C}.Release|x86.Build.0 = Release|Any CPU
		{5BBF9A61-2F14-4039-8144-A82D410D7947}.Debug|Any CPU.ActiveCfg = Debug|Any CPU
		{5BBF9A61-2F14-4039-8144-A82D410D7947}.Debug|Any CPU.Build.0 = Debug|Any CPU
		{5BBF9A61-2F14-4039-8144-A82D410D7947}.Debug|x64.ActiveCfg = Debug|Any CPU
		{5BBF9A61-2F14-4039-8144-A82D410D7947}.Debug|x64.Build.0 = Debug|Any CPU
		{5BBF9A61-2F14-4039-8144-A82D410D7947}.Debug|x86.ActiveCfg = Debug|Any CPU
		{5BBF9A61-2F14-4039-8144-A82D410D7947}.Debug|x86.Build.0 = Debug|Any CPU
		{5BBF9A61-2F14-4039-8144-A82D410D7947}.Release|Any CPU.ActiveCfg = Release|Any CPU
		{5BBF9A61-2F14-4039-8144-A82D410D7947}.Release|Any CPU.Build.0 = Release|Any CPU
		{5BBF9A61-2F14-4039-8144-A82D410D7947}.Release|x64.ActiveCfg = Release|Any CPU
		{5BBF9A61-2F14-4039-8144-A82D410D7947}.Release|x64.Build.0 = Release|Any CPU
		{5BBF9A61-2F14-4039-8144-A82D410D7947}.Release|x86.ActiveCfg = Release|Any CPU
		{5BBF9A61-2F14-4039-8144-A82D410D7947}.Release|x86.Build.0 = Release|Any CPU
	EndGlobalSection
	GlobalSection(SolutionProperties) = preSolution
		HideSolutionNode = FALSE
	EndGlobalSection
	GlobalSection(NestedProjects) = preSolution
		{EE4385CB-A006-43FF-9E8F-6D828B5701E7} = {827E0CD3-B72D-47B6-A68D-7590B98EB39B}
		{0AA42DF4-648A-4231-8423-FF8704A63547} = {827E0CD3-B72D-47B6-A68D-7590B98EB39B}
		{BFFB0886-6AE4-4E43-908D-3C6C14C9B074} = {827E0CD3-B72D-47B6-A68D-7590B98EB39B}
		{BD2DAF28-CA3C-43BA-91BD-A4B5E89E4DB7} = {827E0CD3-B72D-47B6-A68D-7590B98EB39B}
		{42E55C61-5400-4491-AAE7-7ECCBF1B74AA} = {0AB3BF05-4346-4AA6-1389-037BE0695223}
		{6B8421FD-433E-436D-B19F-CDDA952CC284} = {0AB3BF05-4346-4AA6-1389-037BE0695223}
		{2DFF5892-8898-4E0A-9C36-BAA04ECE983D} = {827E0CD3-B72D-47B6-A68D-7590B98EB39B}
		{2DD829AF-8EF8-4963-B2A7-1F205DFCA7CE} = {827E0CD3-B72D-47B6-A68D-7590B98EB39B}
		{885F5C91-984D-4E7C-BE91-CBB23C50357B} = {0AB3BF05-4346-4AA6-1389-037BE0695223}
		{F1EF1B58-28BE-449F-A53F-AAC69B7ACB56} = {827E0CD3-B72D-47B6-A68D-7590B98EB39B}
		{DD3B5042-70E6-45A1-9275-431B69F6686D} = {827E0CD3-B72D-47B6-A68D-7590B98EB39B}
		{010B7C9E-F999-4B08-86BF-4E799A3ABC8C} = {0AB3BF05-4346-4AA6-1389-037BE0695223}
		{5BBF9A61-2F14-4039-8144-A82D410D7947} = {827E0CD3-B72D-47B6-A68D-7590B98EB39B}
	EndGlobalSection
EndGlobal
